# THIS IS AN AUTOGENERATED FILE. DO NOT EDIT THIS FILE DIRECTLY.
# yarn lockfile v1


"@apollo/react-common@^3.1.4":
  version "3.1.4"
  resolved "https://registry.yarnpkg.com/@apollo/react-common/-/react-common-3.1.4.tgz#ec13c985be23ea8e799c9ea18e696eccc97be345"
  integrity sha512-X5Kyro73bthWSCBJUC5XYQqMnG0dLWuDZmVkzog9dynovhfiVCV4kPSdgSIkqnb++cwCzOVuQ4rDKVwo2XRzQA==
  dependencies:
    ts-invariant "^0.4.4"
    tslib "^1.10.0"

"@apollo/react-components@^3.1.5":
  version "3.1.5"
  resolved "https://registry.yarnpkg.com/@apollo/react-components/-/react-components-3.1.5.tgz#040d2f35ce4947747efe16f76d59dcbd797ffdaf"
  integrity sha512-c82VyUuE9VBnJB7bnX+3dmwpIPMhyjMwyoSLyQWPHxz8jK4ak30XszJtqFf4eC4hwvvLYa+Ou6X73Q8V8e2/jg==
  dependencies:
    "@apollo/react-common" "^3.1.4"
    "@apollo/react-hooks" "^3.1.5"
    prop-types "^15.7.2"
    ts-invariant "^0.4.4"
    tslib "^1.10.0"

"@apollo/react-hoc@^3.1.5":
  version "3.1.5"
  resolved "https://registry.yarnpkg.com/@apollo/react-hoc/-/react-hoc-3.1.5.tgz#6552d2fb4aafc59fdc8f4e353358b98b89cfab6f"
  integrity sha512-jlZ2pvEnRevLa54H563BU0/xrYSgWQ72GksarxUzCHQW85nmn9wQln0kLBX7Ua7SBt9WgiuYQXQVechaaCulfQ==
  dependencies:
    "@apollo/react-common" "^3.1.4"
    "@apollo/react-components" "^3.1.5"
    hoist-non-react-statics "^3.3.0"
    ts-invariant "^0.4.4"
    tslib "^1.10.0"

"@apollo/react-hooks@^3.1.5":
  version "3.1.5"
  resolved "https://registry.yarnpkg.com/@apollo/react-hooks/-/react-hooks-3.1.5.tgz#7e710be52461255ae7fc0b3b9c2ece64299c10e6"
  integrity sha512-y0CJ393DLxIIkksRup4nt+vSjxalbZBXnnXxYbviq/woj+zKa431zy0yT4LqyRKpFy9ahMIwxBnBwfwIoupqLQ==
  dependencies:
    "@apollo/react-common" "^3.1.4"
    "@wry/equality" "^0.1.9"
    ts-invariant "^0.4.4"
    tslib "^1.10.0"

"@apollo/react-ssr@^3.1.5":
  version "3.1.5"
  resolved "https://registry.yarnpkg.com/@apollo/react-ssr/-/react-ssr-3.1.5.tgz#53703cd493afcde567acc6d5512cab03dafce6de"
  integrity sha512-wuLPkKlctNn3u8EU8rlECyktpOUCeekFfb0KhIKknpGY6Lza2Qu0bThx7D9MIbVEzhKadNNrzLcpk0Y8/5UuWg==
  dependencies:
    "@apollo/react-common" "^3.1.4"
    "@apollo/react-hooks" "^3.1.5"
    tslib "^1.10.0"

"@formatjs/ecma402-abstract@1.4.0":
  version "1.4.0"
  resolved "https://registry.yarnpkg.com/@formatjs/ecma402-abstract/-/ecma402-abstract-1.4.0.tgz#ac6c17a8fffac43c6d68c849a7b732626d32654c"
  integrity sha512-Mv027hcLFjE45K8UJ8PjRpdDGfR0aManEFj1KzoN8zXNveHGEygpZGfFf/FTTMl+QEVSrPAUlyxaCApvmv47AQ==
  dependencies:
    tslib "^2.0.1"

"@formatjs/intl-datetimeformat@^1.3.3":
  version "1.3.3"
  resolved "https://registry.yarnpkg.com/@formatjs/intl-datetimeformat/-/intl-datetimeformat-1.3.3.tgz#3bf877005a2519df1ce008aa63bc960c9e1b8334"
  integrity sha512-wLHQOqKU+I0sINFPA7jabYm/O+ep90NtMv88wCgtWjoHWkfpgK4MJ7mRU01O7Vm/a3onaYvfM4NISdSSLLmHuw==
  dependencies:
    "@formatjs/intl-getcanonicallocales" "^1.2.7"
    "@formatjs/intl-utils" "^3.5.0"

"@formatjs/intl-displaynames@^2.2.9":
  version "2.2.9"
  resolved "https://registry.yarnpkg.com/@formatjs/intl-displaynames/-/intl-displaynames-2.2.9.tgz#4e2a15f50b3c77d52c80c46f4cb3db32fdf46aea"
  integrity sha512-MjjG9SXBre8WwqRHMtaX0wD9T4VvEiNp5U/K96GDE8rHzHxAdP8wKEqlau9ZP47O+bSi7JN5cOTAHoUBpMsn6Q==
  dependencies:
    "@formatjs/intl-utils" "^3.5.0"

"@formatjs/intl-getcanonicallocales@^1.2.7":
  version "1.9.2"
  resolved "https://registry.yarnpkg.com/@formatjs/intl-getcanonicallocales/-/intl-getcanonicallocales-1.9.2.tgz#5aab5f6ac2d923933538085eec20a19c393b6ebf"
  integrity sha512-69WTStIJI2ikErOU1Il4NQKLVV8f2x6awr7+/dZz0uihuI7uQRcZtI6k/BBt4EtYaEl6w65YjUF93VuE015C0w==
  dependencies:
    tslib "^2.1.0"

"@formatjs/intl-listformat@^2.2.9":
  version "2.2.9"
  resolved "https://registry.yarnpkg.com/@formatjs/intl-listformat/-/intl-listformat-2.2.9.tgz#b6b5eeff06c547fb0c8a03a28807edaf70318640"
  integrity sha512-RC9wrQf7XXRP73Np1+WDR71HdT91mcdiNgH6m9HVFWa3tgv8rk43QJSMbehPqgcJ1l1pm6Uwm0wURAz8YJVX3A==
  dependencies:
    "@formatjs/intl-utils" "^3.5.0"

"@formatjs/intl-numberformat@^4.2.11":
  version "4.2.11"
  resolved "https://registry.yarnpkg.com/@formatjs/intl-numberformat/-/intl-numberformat-4.2.11.tgz#b7d2446b5bb2e6d760d66d9d053e51c045439936"
  integrity sha512-LiPrkg2sRZsH0F6XOz9Esgu+Ou6vux3QPiNDHKKrHL5T4pRbcethI9+vwttnY44FIVnTxjQdywkcJILLjgWPUw==
  dependencies:
    "@formatjs/intl-utils" "^3.5.0"

"@formatjs/intl-numberformat@^5.5.2":
  version "5.7.6"
  resolved "https://registry.yarnpkg.com/@formatjs/intl-numberformat/-/intl-numberformat-5.7.6.tgz#630206bb0acefd2d508ccf4f82367c6875cad611"
  integrity sha512-ZlZfYtvbVHYZY5OG3RXizoCwxKxEKOrzEe2YOw9wbzoxF3PmFn0SAgojCFGLyNXkkR6xVxlylhbuOPf1dkIVNg==
  dependencies:
    "@formatjs/ecma402-abstract" "1.4.0"
    tslib "^2.0.1"

"@formatjs/intl-relativetimeformat@^5.2.11":
  version "5.2.11"
  resolved "https://registry.yarnpkg.com/@formatjs/intl-relativetimeformat/-/intl-relativetimeformat-5.2.11.tgz#a77ee656c7def637aa54056f7316c6c2501f926c"
  integrity sha512-Lf7SEIICJ4cGX1vFAMeyRQG8L1Pf18qfXXX4OWIswUnCyCcoIidLMvVN2xjrtB/OToc6mgZhhCTF35hRA0hl7Q==
  dependencies:
    "@formatjs/intl-utils" "^3.5.0"

"@formatjs/intl-utils@^3.5.0":
  version "3.8.4"
  resolved "https://registry.yarnpkg.com/@formatjs/intl-utils/-/intl-utils-3.8.4.tgz#291baac91001db428fc3275c515a3e40fbe95945"
  integrity sha512-j5C6NyfKevIxsfLK8KwO1C0vvP7k1+h4A9cFpc+cr6mEwCc1sPkr17dzh0Ke6k9U5pQccAQoXdcNBl3IYa4+ZQ==
  dependencies:
    emojis-list "^3.0.0"

"@types/hoist-non-react-statics@^3.3.1":
  version "3.3.7"
  resolved "https://registry.yarnpkg.com/@types/hoist-non-react-statics/-/hoist-non-react-statics-3.3.7.tgz#306e3a3a73828522efa1341159da4846e7573a6c"
  integrity sha512-PQTyIulDkIDro8P+IHbKCsw7U2xxBYflVzW/FgWdCAePD9xGSidgA76/GeJ6lBKoblyhf9pBY763gbrN+1dI8g==
  dependencies:
    hoist-non-react-statics "^3.3.0"

"@types/invariant@^2.2.31":
  version "2.2.37"
  resolved "https://registry.yarnpkg.com/@types/invariant/-/invariant-2.2.37.tgz#1709741e534364d653c87dff22fc76fa94aa7bc0"
  integrity sha512-IwpIMieE55oGWiXkQPSBY1nw1nFs6bsKXTFskNY8sdS17K24vyEBRQZEwlRS7ZmXCWnJcQtbxWzly+cODWGs2A==

"@types/node@^18.0.0":
  version "18.19.130"
  resolved "https://registry.yarnpkg.com/@types/node/-/node-18.19.130.tgz#da4c6324793a79defb7a62cba3947ec5add00d59"
  integrity sha512-GRaXQx6jGfL8sKfaIDD6OupbIHBr9jv7Jnaml9tB7l4v068PAOXqfcujMMo5PhbIs6ggR1XODELqahT2R8v0fg==
  dependencies:
    undici-types "~5.26.4"

"@types/prop-types@*":
  version "15.7.15"
  resolved "https://registry.yarnpkg.com/@types/prop-types/-/prop-types-15.7.15.tgz#e6e5a86d602beaca71ce5163fadf5f95d70931c7"
  integrity sha512-F6bEyamV9jKGAFBEmlQnesRPGOQqS2+Uwi0Em15xenOxHaf2hv6L8YCVn3rPdPJOiJfPiCnLIRyvwVaqMY3MIw==

"@types/react@^17.0.0":
  version "17.0.93"
  resolved "https://registry.yarnpkg.com/@types/react/-/react-17.0.93.tgz#1f8d44a7ea97fb0cbd3935235949d7fda43f64ea"
  integrity sha512-KM4Ty/ZTLZupiYxZVAlP+InNJS3De6uBMdq0ePa6/04+eG9Y7ftnWfst1xTLQ5rwAhgHwQ4momt/O4KepdGBTw==
  dependencies:
    "@types/prop-types" "*"
    "@types/scheduler" "^0.16"
    csstype "^3.2.2"

"@types/scheduler@^0.16":
  version "0.16.8"
  resolved "https://registry.yarnpkg.com/@types/scheduler/-/scheduler-0.16.8.tgz#ce5ace04cfeabe7ef87c0091e50752e36707deff"
  integrity sha512-WZLiwShhwLRmeV6zH+GkbOFT6Z6VklCItrDioxUnv+u4Ll+8vKeFySoFyK/0ctcRpOmwAicELfmys1sDc/Rw+A==

"@wry/equality@^0.1.9":
  version "0.1.11"
  resolved "https://registry.yarnpkg.com/@wry/equality/-/equality-0.1.11.tgz#35cb156e4a96695aa81a9ecc4d03787bc17f1790"
  integrity sha512-mwEVBDUVODlsQQ5dfuLUS5/Tf7jqUKyhKYHmVi4fPB6bDMOfWvUPJmKgS1Z7Za/sOI3vzWt4+O7yCiL/70MogA==
  dependencies:
    tslib "^1.9.3"

csstype@^3.2.2:
  version "3.2.3"
  resolved "https://registry.yarnpkg.com/csstype/-/csstype-3.2.3.tgz#ec48c0f3e993e50648c86da559e2610995cf989a"
  integrity sha512-z1HGKcYy2xA8AGQfwrn0PAy+PB7X/GSj3UVJW9qKyn43xWa+gl5nXmU4qqLMRzWVLFC8KusUX8T/0kCiOYpAIQ==

emojis-list@^3.0.0:
  version "3.0.0"
  resolved "https://registry.yarnpkg.com/emojis-list/-/emojis-list-3.0.0.tgz#5570662046ad29e2e916e71aae260abdff4f6a78"
  integrity sha512-/kyM18EfinwXZbno9FyUGeFh87KC8HRQBQGildHZbEuRyWFOmv1U10o9BBp8XVZDVNNuQKyIGIu5ZYAAXJ0V2Q==

graphql@^15.5.0:
  version "15.10.2"
  resolved "https://registry.yarnpkg.com/graphql/-/graphql-15.10.2.tgz#f57f8665cea9e77a80264d7eeb0d687079714e78"
  integrity sha512-1PRqdDPAmViWr4h1GVBT8RoPZfWSGZa7kDzleTilOfVIslsgf+cia3Nl95v1KDmR4iERPaT7WzQ+tN4MJmbg3w==

hoist-non-react-statics@^3.3.0, hoist-non-react-statics@^3.3.2:
  version "3.3.2"
  resolved "https://registry.yarnpkg.com/hoist-non-react-statics/-/hoist-non-react-statics-3.3.2.tgz#ece0acaf71d62c2969c2ec59feff42a4b1a85b45"
  integrity sha512-/gGivxi8JPKWNm/W0jSmzcMPpfpPLc3dY/6GxhX2hQ9iGj3aDfklV4ET7NjKpSinLpJ5vafa9iiGIEZg10SfBw==
  dependencies:
    react-is "^16.7.0"

intl-format-cache@^4.2.43:
  version "4.3.1"
  resolved "https://registry.yarnpkg.com/intl-format-cache/-/intl-format-cache-4.3.1.tgz#484d31a9872161e6c02139349b259a6229ade377"
  integrity sha512-OEUYNA7D06agqPOYhbTkl0T8HA3QKSuwWh1HiClEnpd9vw7N+3XsQt5iZ0GUEchp5CW1fQk/tary+NsbF3yQ1Q==

intl-messageformat-parser@^5.2.1:
  version "5.5.1"
  resolved "https://registry.yarnpkg.com/intl-messageformat-parser/-/intl-messageformat-parser-5.5.1.tgz#f09a692755813e6220081e3374df3fb1698bd0c6"
  integrity sha512-TvB3LqF2VtP6yI6HXlRT5TxX98HKha6hCcrg9dwlPwNaedVNuQA9KgBdtWKgiyakyCTYHQ+KJeFEstNKfZr64w==
  dependencies:
    "@formatjs/intl-numberformat" "^5.5.2"

intl-messageformat@^8.4.1:
  version "8.4.1"
  resolved "https://registry.yarnpkg.com/intl-messageformat/-/intl-messageformat-8.4.1.tgz#f31c811efc561700b61ab4ee4716b870787c0fe5"
  integrity sha512-N4jLt0KebfqXZZZQRwBwZMrqwccHzZnN6KSeUsfidIoHMPIlLIgq08KcYsn7bZS6adh1KKH4/99VODWDDDu85Q==
  dependencies:
    intl-format-cache "^4.2.43"
    intl-messageformat-parser "^5.2.1"

"js-tokens@^3.0.0 || ^4.0.0":
  version "4.0.0"
  resolved "https://registry.yarnpkg.com/js-tokens/-/js-tokens-4.0.0.tgz#19203fb59991df98e3a287050d4647cdeaf32499"
  integrity sha512-RdJUflcE3cUzKiMqQgsCu06FPu9UdIJO0beYbPhHN4k6apgJtifcoCtT9bcxOpYBtpD2kCM6Sbzg4CausW/PKQ==

loose-envify@^1.1.0, loose-envify@^1.4.0:
  version "1.4.0"
  resolved "https://registry.yarnpkg.com/loose-envify/-/loose-envify-1.4.0.tgz#71ee51fa7be4caec1a63839f7e682d8132d30caf"
  integrity sha512-lyuxPGr/Wfhrlem2CL/UcnUc1zcqKAImBDzukY7Y5F/yQiNdko6+fRLevlw1HgMySw7f611UIY408EtxRSoK3Q==
  dependencies:
    js-tokens "^3.0.0 || ^4.0.0"

object-assign@^4.1.1:
  version "4.1.1"
  resolved "https://registry.yarnpkg.com/object-assign/-/object-assign-4.1.1.tgz#2109adc7965887cfc05cbbd442cac8bfbb360863"
  integrity sha512-rJgTQnkUnH1sFw8yT6VSU3zD3sWmu6sZhIseY8VX+GRu3P6F7Fu+JNDoXfklElbLJSnc3FUQHVe4cU5hj+BcUg==

prop-types@^15.7.2:
  version "15.8.1"
  resolved "https://registry.yarnpkg.com/prop-types/-/prop-types-15.8.1.tgz#67d87bf1a694f48435cf332c24af10214a3140b5"
  integrity sha512-oj87CgZICdulUohogVAR7AjlC0327U4el4L6eAvOqCeudMDVU0NThNaV+b9Df4dXgSP1gXMTnPdhfe/2qDH5cg==
  dependencies:
    loose-envify "^1.4.0"
    object-assign "^4.1.1"
    react-is "^16.13.1"

react-apollo@^3.1.5:
  version "3.1.5"
  resolved "https://registry.yarnpkg.com/react-apollo/-/react-apollo-3.1.5.tgz#36692d393c47e7ccc37f0a885c7cc5a8b4961c91"
  integrity sha512-xOxMqxORps+WHrUYbjVHPliviomefOpu5Sh35oO3osuOyPTxvrljdfTLGCggMhcXBsDljtS5Oy4g+ijWg3D4JQ==
  dependencies:
    "@apollo/react-common" "^3.1.4"
    "@apollo/react-components" "^3.1.5"
    "@apollo/react-hoc" "^3.1.5"
    "@apollo/react-hooks" "^3.1.5"
    "@apollo/react-ssr" "^3.1.5"

react-intl@^4.7.2:
  version "4.7.6"
  resolved "https://registry.yarnpkg.com/react-intl/-/react-intl-4.7.6.tgz#7538df3412ca5aae882ce709b1e0ba291a41a282"
  integrity sha512-esfz1/WAZjN7WixC1ZiRDWrvH+OSdZ6ZcRYguEqeS69lycj/x8L3ckzF0+5cmbkJGvBLG5ppFZ6DOO0mCk8gUw==
  dependencies:
    "@formatjs/intl-datetimeformat" "^1.3.3"
    "@formatjs/intl-displaynames" "^2.2.9"
    "@formatjs/intl-listformat" "^2.2.9"
    "@formatjs/intl-numberformat" "^4.2.11"
    "@formatjs/intl-relativetimeformat" "^5.2.11"
    "@formatjs/intl-utils" "^3.5.0"
    "@types/hoist-non-react-statics" "^3.3.1"
    "@types/invariant" "^2.2.31"
    hoist-non-react-statics "^3.3.2"
    intl-format-cache "^4.2.43"
    intl-messageformat "^8.4.1"
    intl-messageformat-parser "^5.2.1"
    shallow-equal "^1.2.1"

react-is@^16.13.1, react-is@^16.7.0:
  version "16.13.1"
  resolved "https://registry.yarnpkg.com/react-is/-/react-is-16.13.1.tgz#789729a4dc36de2999dc156dd6c1d9c18cea56a4"
  integrity sha512-24e6ynE2H+OKt4kqsOvNd8kBpV65zoxbA4BVsEOB3ARVWQki/DHzaUoC5KuON/BiccDaCCTZBuOcfZs70kR8bQ==

react@^17.0.0:
  version "17.0.2"
  resolved "https://registry.yarnpkg.com/react/-/react-17.0.2.tgz#d0b5cc516d29eb3eee383f75b62864cfb6800037"
  integrity sha512-gnhPt75i/dq/z3/6q/0asP78D0u592D5L1pd7M8P+dck6Fu/jJeL6iVVK23fptSUZj8Vjf++7wXA8UNclGQcbA==
  dependencies:
    loose-envify "^1.1.0"
    object-assign "^4.1.1"

shallow-equal@^1.2.1:
  version "1.2.1"
  resolved "https://registry.yarnpkg.com/shallow-equal/-/shallow-equal-1.2.1.tgz#4c16abfa56043aa20d050324efa68940b0da79da"
  integrity sha512-S4vJDjHHMBaiZuT9NPb616CSmLf618jawtv3sufLl6ivK8WocjAo58cXwbRV1cgqxH0Qbv+iUt6m05eqEa2IRA==

ts-invariant@^0.4.4:
  version "0.4.4"
  resolved "https://registry.yarnpkg.com/ts-invariant/-/ts-invariant-0.4.4.tgz#97a523518688f93aafad01b0e80eb803eb2abd86"
  integrity sha512-uEtWkFM/sdZvRNNDL3Ehu4WVpwaulhwQszV8mrtcdeE8nN00BV9mAmQ88RkrBhFgl9gMgvjJLAQcZbnPXI9mlA==
  dependencies:
    tslib "^1.9.3"

tslib@^1.10.0, tslib@^1.9.3:
  version "1.14.1"
  resolved "https://registry.yarnpkg.com/tslib/-/tslib-1.14.1.tgz#cf2d38bdc34a134bcaf1091c41f6619e2f672d00"
  integrity sha512-Xni35NKzjgMrwevysHTCArtLDpPvye8zV/0E4EyYn43P7/7qvQwPh9BGkHewbMulVntbigmcT7rdX3BNo9wRJg==

tslib@^2.0.1, tslib@^2.1.0:
  version "2.8.1"
  resolved "https://registry.yarnpkg.com/tslib/-/tslib-2.8.1.tgz#612efe4ed235d567e8aba5f2a5fab70280ade83f"
  integrity sha512-oJFu94HQb+KVduSUQL7wnpmqnfmLsOA/nAh6b6EH0wCEoK0/mPeXU6c3wKDV83MkOuHPRHtSXKKU99IBazS/2w==

typescript@3.9.7:
  version "3.9.7"
  resolved "https://registry.yarnpkg.com/typescript/-/typescript-3.9.7.tgz#98d600a5ebdc38f40cb277522f12dc800e9e25fa"
  integrity sha512-BLbiRkiBzAwsjut4x/dsibSTB6yWpwT5qWmC2OfuCg3GgVQCSgMs4vEctYPhsaGtd0AeuuHMkjZ2h2WG8MSzRw==

undici-types@~5.26.4:
  version "5.26.5"
  resolved "https://registry.yarnpkg.com/undici-types/-/undici-types-5.26.5.tgz#bcd539893d00b56e964fd2657a4866b221a65617"
  integrity sha512-JlCMO+ehdEIKqlFxk6IfVoAUVmgz7cU7zD/h9XZ0qzeosSHmUJVOzSQvvYSYWXkFXC+IfLKSIffhv0sVZup6pA==

"vtex.render-runtime@http://vtex.vtexassets.com/_v/public/typings/v1/vtex.render-runtime@8.136.2/public/@types/vtex.render-runtime":
  version "8.136.2"
  resolved "http://vtex.vtexassets.com/_v/public/typings/v1/vtex.render-runtime@8.136.2/public/@types/vtex.render-runtime#afc85cc43da5ee3fc2f0efa000f31adada482d03"

"vtex.styleguide@http://vtex.vtexassets.com/_v/public/typings/v1/vtex.styleguide@9.146.16/public/@types/vtex.styleguide":
  version "9.146.16"
  resolved "http://vtex.vtexassets.com/_v/public/typings/v1/vtex.styleguide@9.146.16/public/@types/vtex.styleguide#9f95876bdd800dc51a6fd49f775348c126382f60"
